
Microsoft Visual Studio Solution File, Format Version 12.00
# Visual Studio Version 17
VisualStudioVersion = 17.10.35122.118
MinimumVisualStudioVersion = 10.0.40219.1
Project("{FAE04EC0-301F-11D3-BF4B-00C04F79EFBC}") = "RobotSimulator", "RobotSimulator\RobotSimulator.csproj", "{29995549-411E-49A6-B1ED-5EC06BFA6EC4}"
EndProject
Global
	GlobalSection(SolutionConfigurationPlatforms) = preSolution
		Debug|Any CPU = Debug|Any CPU
		Release|Any CPU = Release|Any CPU
	EndGlobalSection
	GlobalSection(ProjectConfigurationPlatforms) = postSolution
		{29995549-411E-49A6-B1ED-5EC06BFA6EC4}.Debug|Any CPU.ActiveCfg = Debug|Any CPU
		{29995549-411E-49A6-B1ED-5EC06BFA6EC4}.Debug|Any CPU.Build.0 = Debug|Any CPU
		{29995549-411E-49A6-B1ED-5EC06BFA6EC4}.Release|Any CPU.ActiveCfg = Release|Any CPU
		{29995549-411E-49A6-B1ED-5EC06BFA6EC4}.Release|Any CPU.Build.0 = Release|Any CPU
	EndGlobalSection
	GlobalSection(SolutionProperties) = preSolution
		HideSolutionNode = FALSE
	EndGlobalSection
	GlobalSection(ExtensibilityGlobals) = postSolution
		SolutionGuid = {A1503DB1-A572-4BF3-BF90-7C45692CDE9C}
	EndGlobalSection
EndGlobal
